
Microsoft Visual Studio Solution File, Format Version 12.00
# Visual Studio 15
VisualStudioVersion = 15.0.28307.421
MinimumVisualStudioVersion = 10.0.40219.1
Project("{FAE04EC0-301F-11D3-BF4B-00C04F79EFBC}") = "Apfelmus", "Apfelmus\Apfelmus.csproj", "{26B85267-1BA6-488E-BA9E-D98CD2D077D9}"
EndProject
Project("{FAE04EC0-301F-11D3-BF4B-00C04F79EFBC}") = "CloseableTab", "WpfCustomControlLibrary1\CloseableTab.csproj", "{FDC870CA-5CE9-4ED4-9278-CDEF46599969}"
EndProject
Project("{FAE04EC0-301F-11D3-BF4B-00C04F79EFBC}") = "ApfelmusFramework", "ApfelmusFramework\ApfelmusFramework.csproj", "{DA17CBED-2033-40EA-8982-F8A092FAC033}"
EndProject
Global
	GlobalSection(SolutionConfigurationPlatforms) = preSolution
		CD_ROM|Any CPU = CD_ROM|Any CPU
		CD_ROM|Mixed Platforms = CD_ROM|Mixed Platforms
		CD_ROM|x64 = CD_ROM|x64
		CD_ROM|x86 = CD_ROM|x86
		Debug|Any CPU = Debug|Any CPU
		Debug|Mixed Platforms = Debug|Mixed Platforms
		Debug|x64 = Debug|x64
		Debug|x86 = Debug|x86
		DVD-5|Any CPU = DVD-5|Any CPU
		DVD-5|Mixed Platforms = DVD-5|Mixed Platforms
		DVD-5|x64 = DVD-5|x64
		DVD-5|x86 = DVD-5|x86
		Release|Any CPU = Release|Any CPU
		Release|Mixed Platforms = Release|Mixed Platforms
		Release|x64 = Release|x64
		Release|x86 = Release|x86
		SingleImage|Any CPU = SingleImage|Any CPU
		SingleImage|Mixed Platforms = SingleImage|Mixed Platforms
		SingleImage|x64 = SingleImage|x64
		SingleImage|x86 = SingleImage|x86
	EndGlobalSection
	GlobalSection(ProjectConfigurationPlatforms) = postSolution
		{26B85267-1BA6-488E-BA9E-D98CD2D077D9}.CD_ROM|Any CPU.ActiveCfg = Release|x86
		{26B85267-1BA6-488E-BA9E-D98CD2D077D9}.CD_ROM|Mixed Platforms.ActiveCfg = Release|x86
		{26B85267-1BA6-488E-BA9E-D98CD2D077D9}.CD_ROM|Mixed Platforms.Build.0 = Release|x86
		{26B85267-1BA6-488E-BA9E-D98CD2D077D9}.CD_ROM|x64.ActiveCfg = Release|x64
		{26B85267-1BA6-488E-BA9E-D98CD2D077D9}.CD_ROM|x64.Build.0 = Release|x64
		{26B85267-1BA6-488E-BA9E-D98CD2D077D9}.CD_ROM|x86.ActiveCfg = Release|x86
		{26B85267-1BA6-488E-BA9E-D98CD2D077D9}.CD_ROM|x86.Build.0 = Release|x86
		{26B85267-1BA6-488E-BA9E-D98CD2D077D9}.Debug|Any CPU.ActiveCfg = Debug|Any CPU
		{26B85267-1BA6-488E-BA9E-D98CD2D077D9}.Debug|Any CPU.Build.0 = Debug|Any CPU
		{26B85267-1BA6-488E-BA9E-D98CD2D077D9}.Debug|Mixed Platforms.ActiveCfg = Debug|x86
		{26B85267-1BA6-488E-BA9E-D98CD2D077D9}.Debug|Mixed Platforms.Build.0 = Debug|x86
		{26B85267-1BA6-488E-BA9E-D98CD2D077D9}.Debug|x64.ActiveCfg = Debug|x64
		{26B85267-1BA6-488E-BA9E-D98CD2D077D9}.Debug|x64.Build.0 = Debug|x64
		{26B85267-1BA6-488E-BA9E-D98CD2D077D9}.Debug|x86.ActiveCfg = Debug|x86
		{26B85267-1BA6-488E-BA9E-D98CD2D077D9}.Debug|x86.Build.0 = Debug|x86
		{26B85267-1BA6-488E-BA9E-D98CD2D077D9}.DVD-5|Any CPU.ActiveCfg = Debug|x86
		{26B85267-1BA6-488E-BA9E-D98CD2D077D9}.DVD-5|Mixed Platforms.ActiveCfg = Debug|x86
		{26B85267-1BA6-488E-BA9E-D98CD2D077D9}.DVD-5|Mixed Platforms.Build.0 = Debug|x86
		{26B85267-1BA6-488E-BA9E-D98CD2D077D9}.DVD-5|x64.ActiveCfg = Debug|x64
		{26B85267-1BA6-488E-BA9E-D98CD2D077D9}.DVD-5|x64.Build.0 = Debug|x64
		{26B85267-1BA6-488E-BA9E-D98CD2D077D9}.DVD-5|x86.ActiveCfg = Debug|x86
		{26B85267-1BA6-488E-BA9E-D98CD2D077D9}.DVD-5|x86.Build.0 = Debug|x86
		{26B85267-1BA6-488E-BA9E-D98CD2D077D9}.Release|Any CPU.ActiveCfg = Release|Any CPU
		{26B85267-1BA6-488E-BA9E-D98CD2D077D9}.Release|Any CPU.Build.0 = Release|Any CPU
		{26B85267-1BA6-488E-BA9E-D98CD2D077D9}.Release|Mixed Platforms.ActiveCfg = Release|x86
		{26B85267-1BA6-488E-BA9E-D98CD2D077D9}.Release|Mixed Platforms.Build.0 = Release|x86
		{26B85267-1BA6-488E-BA9E-D98CD2D077D9}.Release|x64.ActiveCfg = Release|x64
		{26B85267-1BA6-488E-BA9E-D98CD2D077D9}.Release|x64.Build.0 = Release|x64
		{26B85267-1BA6-488E-BA9E-D98CD2D077D9}.Release|x86.ActiveCfg = Release|x86
		{26B85267-1BA6-488E-BA9E-D98CD2D077D9}.Release|x86.Build.0 = Release|x86
		{26B85267-1BA6-488E-BA9E-D98CD2D077D9}.SingleImage|Any CPU.ActiveCfg = Release|x86
		{26B85267-1BA6-488E-BA9E-D98CD2D077D9}.SingleImage|Mixed Platforms.ActiveCfg = Release|x86
		{26B85267-1BA6-488E-BA9E-D98CD2D077D9}.SingleImage|Mixed Platforms.Build.0 = Release|x86
		{26B85267-1BA6-488E-BA9E-D98CD2D077D9}.SingleImage|x64.ActiveCfg = Release|x64
		{26B85267-1BA6-488E-BA9E-D98CD2D077D9}.SingleImage|x64.Build.0 = Release|x64
		{26B85267-1BA6-488E-BA9E-D98CD2D077D9}.SingleImage|x86.ActiveCfg = Release|x86
		{26B85267-1BA6-488E-BA9E-D98CD2D077D9}.SingleImage|x86.Build.0 = Release|x86
		{FDC870CA-5CE9-4ED4-9278-CDEF46599969}.CD_ROM|Any CPU.ActiveCfg = Release|Any CPU
		{FDC870CA-5CE9-4ED4-9278-CDEF46599969}.CD_ROM|Any CPU.Build.0 = Release|Any CPU
		{FDC870CA-5CE9-4ED4-9278-CDEF46599969}.CD_ROM|Mixed Platforms.ActiveCfg = Release|Any CPU
		{FDC870CA-5CE9-4ED4-9278-CDEF46599969}.CD_ROM|Mixed Platforms.Build.0 = Release|Any CPU
		{FDC870CA-5CE9-4ED4-9278-CDEF46599969}.CD_ROM|x64.ActiveCfg = Release|Any CPU
		{FDC870CA-5CE9-4ED4-9278-CDEF46599969}.CD_ROM|x86.ActiveCfg = Release|Any CPU
		{FDC870CA-5CE9-4ED4-9278-CDEF46599969}.Debug|Any CPU.ActiveCfg = Debug|Any CPU
		{FDC870CA-5CE9-4ED4-9278-CDEF46599969}.Debug|Any CPU.Build.0 = Debug|Any CPU
		{FDC870CA-5CE9-4ED4-9278-CDEF46599969}.Debug|Mixed Platforms.ActiveCfg = Debug|Any CPU
		{FDC870CA-5CE9-4ED4-9278-CDEF46599969}.Debug|Mixed Platforms.Build.0 = Debug|Any CPU
		{FDC870CA-5CE9-4ED4-9278-CDEF46599969}.Debug|x64.ActiveCfg = Debug|Any CPU
		{FDC870CA-5CE9-4ED4-9278-CDEF46599969}.Debug|x86.ActiveCfg = Debug|Any CPU
		{FDC870CA-5CE9-4ED4-9278-CDEF46599969}.DVD-5|Any CPU.ActiveCfg = Debug|Any CPU
		{FDC870CA-5CE9-4ED4-9278-CDEF46599969}.DVD-5|Any CPU.Build.0 = Debug|Any CPU
		{FDC870CA-5CE9-4ED4-9278-CDEF46599969}.DVD-5|Mixed Platforms.ActiveCfg = Debug|Any CPU
		{FDC870CA-5CE9-4ED4-9278-CDEF46599969}.DVD-5|Mixed Platforms.Build.0 = Debug|Any CPU
		{FDC870CA-5CE9-4ED4-9278-CDEF46599969}.DVD-5|x64.ActiveCfg = Debug|Any CPU
		{FDC870CA-5CE9-4ED4-9278-CDEF46599969}.DVD-5|x86.ActiveCfg = Debug|Any CPU
		{FDC870CA-5CE9-4ED4-9278-CDEF46599969}.Release|Any CPU.ActiveCfg = Release|Any CPU
		{FDC870CA-5CE9-4ED4-9278-CDEF46599969}.Release|Any CPU.Build.0 = Release|Any CPU
		{FDC870CA-5CE9-4ED4-9278-CDEF46599969}.Release|Mixed Platforms.ActiveCfg = Release|Any CPU
		{FDC870CA-5CE9-4ED4-9278-CDEF46599969}.Release|Mixed Platforms.Build.0 = Release|Any CPU
		{FDC870CA-5CE9-4ED4-9278-CDEF46599969}.Release|x64.ActiveCfg = Release|Any CPU
		{FDC870CA-5CE9-4ED4-9278-CDEF46599969}.Release|x86.ActiveCfg = Release|Any CPU
		{FDC870CA-5CE9-4ED4-9278-CDEF46599969}.SingleImage|Any CPU.ActiveCfg = Release|Any CPU
		{FDC870CA-5CE9-4ED4-9278-CDEF46599969}.SingleImage|Any CPU.Build.0 = Release|Any CPU
		{FDC870CA-5CE9-4ED4-9278-CDEF46599969}.SingleImage|Mixed Platforms.ActiveCfg = Release|Any CPU
		{FDC870CA-5CE9-4ED4-9278-CDEF46599969}.SingleImage|Mixed Platforms.Build.0 = Release|Any CPU
		{FDC870CA-5CE9-4ED4-9278-CDEF46599969}.SingleImage|x64.ActiveCfg = Release|Any CPU
		{FDC870CA-5CE9-4ED4-9278-CDEF46599969}.SingleImage|x86.ActiveCfg = Release|Any CPU
		{DA17CBED-2033-40EA-8982-F8A092FAC033}.CD_ROM|Any CPU.ActiveCfg = Release|Any CPU
		{DA17CBED-2033-40EA-8982-F8A092FAC033}.CD_ROM|Any CPU.Build.0 = Release|Any CPU
		{DA17CBED-2033-40EA-8982-F8A092FAC033}.CD_ROM|Mixed Platforms.ActiveCfg = Release|Any CPU
		{DA17CBED-2033-40EA-8982-F8A092FAC033}.CD_ROM|Mixed Platforms.Build.0 = Release|Any CPU
		{DA17CBED-2033-40EA-8982-F8A092FAC033}.CD_ROM|x64.ActiveCfg = Release|Any CPU
		{DA17CBED-2033-40EA-8982-F8A092FAC033}.CD_ROM|x64.Build.0 = Release|Any CPU
		{DA17CBED-2033-40EA-8982-F8A092FAC033}.CD_ROM|x86.ActiveCfg = Release|Any CPU
		{DA17CBED-2033-40EA-8982-F8A092FAC033}.CD_ROM|x86.Build.0 = Release|Any CPU
		{DA17CBED-2033-40EA-8982-F8A092FAC033}.Debug|Any CPU.ActiveCfg = Debug|Any CPU
		{DA17CBED-2033-40EA-8982-F8A092FAC033}.Debug|Any CPU.Build.0 = Debug|Any CPU
		{DA17CBED-2033-40EA-8982-F8A092FAC033}.Debug|Mixed Platforms.ActiveCfg = Debug|Any CPU
		{DA17CBED-2033-40EA-8982-F8A092FAC033}.Debug|Mixed Platforms.Build.0 = Debug|Any CPU
		{DA17CBED-2033-40EA-8982-F8A092FAC033}.Debug|x64.ActiveCfg = Debug|Any CPU
		{DA17CBED-2033-40EA-8982-F8A092FAC033}.Debug|x64.Build.0 = Debug|Any CPU
		{DA17CBED-2033-40EA-8982-F8A092FAC033}.Debug|x86.ActiveCfg = Debug|Any CPU
		{DA17CBED-2033-40EA-8982-F8A092FAC033}.Debug|x86.Build.0 = Debug|Any CPU
		{DA17CBED-2033-40EA-8982-F8A092FAC033}.DVD-5|Any CPU.ActiveCfg = Debug|Any CPU
		{DA17CBED-2033-40EA-8982-F8A092FAC033}.DVD-5|Any CPU.Build.0 = Debug|Any CPU
		{DA17CBED-2033-40EA-8982-F8A092FAC033}.DVD-5|Mixed Platforms.ActiveCfg = Debug|Any CPU
		{DA17CBED-2033-40EA-8982-F8A092FAC033}.DVD-5|Mixed Platforms.Build.0 = Debug|Any CPU
		{DA17CBED-2033-40EA-8982-F8A092FAC033}.DVD-5|x64.ActiveCfg = Debug|Any CPU
		{DA17CBED-2033-40EA-8982-F8A092FAC033}.DVD-5|x64.Build.0 = Debug|Any CPU
		{DA17CBED-2033-40EA-8982-F8A092FAC033}.DVD-5|x86.ActiveCfg = Debug|Any CPU
		{DA17CBED-2033-40EA-8982-F8A092FAC033}.DVD-5|x86.Build.0 = Debug|Any CPU
		{DA17CBED-2033-40EA-8982-F8A092FAC033}.Release|Any CPU.ActiveCfg = Release|Any CPU
		{DA17CBED-2033-40EA-8982-F8A092FAC033}.Release|Any CPU.Build.0 = Release|Any CPU
		{DA17CBED-2033-40EA-8982-F8A092FAC033}.Release|Mixed Platforms.ActiveCfg = Release|Any CPU
		{DA17CBED-2033-40EA-8982-F8A092FAC033}.Release|Mixed Platforms.Build.0 = Release|Any CPU
		{DA17CBED-2033-40EA-8982-F8A092FAC033}.Release|x64.ActiveCfg = Release|Any CPU
		{DA17CBED-2033-40EA-8982-F8A092FAC033}.Release|x64.Build.0 = Release|Any CPU
		{DA17CBED-2033-40EA-8982-F8A092FAC033}.Release|x86.ActiveCfg = Release|Any CPU
		{DA17CBED-2033-40EA-8982-F8A092FAC033}.Release|x86.Build.0 = Release|Any CPU
		{DA17CBED-2033-40EA-8982-F8A092FAC033}.SingleImage|Any CPU.ActiveCfg = Release|Any CPU
		{DA17CBED-2033-40EA-8982-F8A092FAC033}.SingleImage|Any CPU.Build.0 = Release|Any CPU
		{DA17CBED-2033-40EA-8982-F8A092FAC033}.SingleImage|Mixed Platforms.ActiveCfg = Release|Any CPU
		{DA17CBED-2033-40EA-8982-F8A092FAC033}.SingleImage|Mixed Platforms.Build.0 = Release|Any CPU
		{DA17CBED-2033-40EA-8982-F8A092FAC033}.SingleImage|x64.ActiveCfg = Release|Any CPU
		{DA17CBED-2033-40EA-8982-F8A092FAC033}.SingleImage|x64.Build.0 = Release|Any CPU
		{DA17CBED-2033-40EA-8982-F8A092FAC033}.SingleImage|x86.ActiveCfg = Release|Any CPU
		{DA17CBED-2033-40EA-8982-F8A092FAC033}.SingleImage|x86.Build.0 = Release|Any CPU
	EndGlobalSection
	GlobalSection(SolutionProperties) = preSolution
		HideSolutionNode = FALSE
	EndGlobalSection
	GlobalSection(ExtensibilityGlobals) = postSolution
		SolutionGuid = {A0943E99-E0CD-4999-BF29-415540001B1F}
	EndGlobalSection
	GlobalSection(SubversionScc) = preSolution
		Svn-Managed = True
		Manager = AnkhSVN - Subversion Support for Visual Studio
	EndGlobalSection
EndGlobal
